
Microsoft Visual Studio Solution File, Format Version 12.00
# Visual Studio Version 18
VisualStudioVersion = 18.3.11520.95 d18.3
MinimumVisualStudioVersion = 10.0.40219.1
Project("{FAE04EC0-301F-11D3-BF4B-00C04F79EFBC}") = "FrameX360", "FrameX360.csproj", "{5C33D3EF-BC06-4C57-816B-7C42E8DB22CF}"
EndProject
Global
	GlobalSection(SolutionConfigurationPlatforms) = preSolution
		Debug|Any CPU = Debug|Any CPU
		Debug|x64 = Debug|x64
		Debug|x86 = Debug|x86
		Release|Any CPU = Release|Any CPU
		Release|x64 = Release|x64
		Release|x86 = Release|x86
	EndGlobalSection
	GlobalSection(ProjectConfigurationPlatforms) = postSolution
		{5C33D3EF-BC06-4C57-816B-7C42E8DB22CF}.Debug|Any CPU.ActiveCfg = Debug|Any CPU
		{5C33D3EF-BC06-4C57-816B-7C42E8DB22CF}.Debug|Any CPU.Build.0 = Debug|Any CPU
		{5C33D3EF-BC06-4C57-816B-7C42E8DB22CF}.Debug|x64.ActiveCfg = Debug|Any CPU
		{5C33D3EF-BC06-4C57-816B-7C42E8DB22CF}.Debug|x64.Build.0 = Debug|Any CPU
		{5C33D3EF-BC06-4C57-816B-7C42E8DB22CF}.Debug|x86.ActiveCfg = Debug|Any CPU
		{5C33D3EF-BC06-4C57-816B-7C42E8DB22CF}.Debug|x86.Build.0 = Debug|Any CPU
		{5C33D3EF-BC06-4C57-816B-7C42E8DB22CF}.Release|Any CPU.ActiveCfg = Release|Any CPU
		{5C33D3EF-BC06-4C57-816B-7C42E8DB22CF}.Release|Any CPU.Build.0 = Release|Any CPU
		{5C33D3EF-BC06-4C57-816B-7C42E8DB22CF}.Release|x64.ActiveCfg = Release|Any CPU
		{5C33D3EF-BC06-4C57-816B-7C42E8DB22CF}.Release|x64.Build.0 = Release|Any CPU
		{5C33D3EF-BC06-4C57-816B-7C42E8DB22CF}.Release|x86.ActiveCfg = Release|Any CPU
		{5C33D3EF-BC06-4C57-816B-7C42E8DB22CF}.Release|x86.Build.0 = Release|Any CPU
	EndGlobalSection
	GlobalSection(SolutionProperties) = preSolution
		HideSolutionNode = FALSE
	EndGlobalSection
EndGlobal
